
Microsoft Visual Studio Solution File, Format Version 12.00
# Visual Studio Version 17
VisualStudioVersion = 17.9.34607.119
MinimumVisualStudioVersion = 10.0.40219.1
Project("{FAE04EC0-301F-11D3-BF4B-00C04F79EFBC}") = "BlazorAppWasmTest2.Server", "BlazorAppWasmTest2\Server\BlazorAppWasmTest2.Server.csproj", "{915C0A61-A2C8-4992-8DF1-852B76FD1C11}"
EndProject
Project("{FAE04EC0-301F-11D3-BF4B-00C04F79EFBC}") = "BlazorAppWasmTest2.Client", "BlazorAppWasmTest2\Client\BlazorAppWasmTest2.Client.csproj", "{11CCDAD8-058B-4B19-B406-199BBAF99122}"
EndProject
Project("{FAE04EC0-301F-11D3-BF4B-00C04F79EFBC}") = "BlazorAppWasmTest2.Shared", "BlazorAppWasmTest2\Shared\BlazorAppWasmTest2.Shared.csproj", "{7556785B-FDB4-459F-9341-8DB7499BEB9E}"
EndProject
Global
	GlobalSection(SolutionConfigurationPlatforms) = preSolution
		Debug|Any CPU = Debug|Any CPU
		Release|Any CPU = Release|Any CPU
	EndGlobalSection
	GlobalSection(ProjectConfigurationPlatforms) = postSolution
		{915C0A61-A2C8-4992-8DF1-852B76FD1C11}.Debug|Any CPU.ActiveCfg = Debug|Any CPU
		{915C0A61-A2C8-4992-8DF1-852B76FD1C11}.Debug|Any CPU.Build.0 = Debug|Any CPU
		{915C0A61-A2C8-4992-8DF1-852B76FD1C11}.Release|Any CPU.ActiveCfg = Release|Any CPU
		{915C0A61-A2C8-4992-8DF1-852B76FD1C11}.Release|Any CPU.Build.0 = Release|Any CPU
		{11CCDAD8-058B-4B19-B406-199BBAF99122}.Debug|Any CPU.ActiveCfg = Debug|Any CPU
		{11CCDAD8-058B-4B19-B406-199BBAF99122}.Debug|Any CPU.Build.0 = Debug|Any CPU
		{11CCDAD8-058B-4B19-B406-199BBAF99122}.Release|Any CPU.ActiveCfg = Release|Any CPU
		{11CCDAD8-058B-4B19-B406-199BBAF99122}.Release|Any CPU.Build.0 = Release|Any CPU
		{7556785B-FDB4-459F-9341-8DB7499BEB9E}.Debug|Any CPU.ActiveCfg = Debug|Any CPU
		{7556785B-FDB4-459F-9341-8DB7499BEB9E}.Debug|Any CPU.Build.0 = Debug|Any CPU
		{7556785B-FDB4-459F-9341-8DB7499BEB9E}.Release|Any CPU.ActiveCfg = Release|Any CPU
		{7556785B-FDB4-459F-9341-8DB7499BEB9E}.Release|Any CPU.Build.0 = Release|Any CPU
	EndGlobalSection
	GlobalSection(SolutionProperties) = preSolution
		HideSolutionNode = FALSE
	EndGlobalSection
	GlobalSection(ExtensibilityGlobals) = postSolution
		SolutionGuid = {B394150D-2B46-4038-931B-A0B74F51CE65}
	EndGlobalSection
EndGlobal
