
Microsoft Visual Studio Solution File, Format Version 12.00
# Visual Studio Version 17
VisualStudioVersion = 17.9.34607.119
MinimumVisualStudioVersion = 10.0.40219.1
Project("{FAE04EC0-301F-11D3-BF4B-00C04F79EFBC}") = "BlazorApp5.Server", "BlazorApp5\Server\BlazorApp5.Server.csproj", "{DA688F6F-6C1A-44F0-94FB-FD9B5FBC4CCF}"
EndProject
Project("{FAE04EC0-301F-11D3-BF4B-00C04F79EFBC}") = "BlazorApp5.Client", "BlazorApp5\Client\BlazorApp5.Client.csproj", "{5FA45395-2A94-45A0-B017-AA4BBA5DCC70}"
EndProject
Project("{FAE04EC0-301F-11D3-BF4B-00C04F79EFBC}") = "BlazorApp5.Shared", "BlazorApp5\Shared\BlazorApp5.Shared.csproj", "{D52C9DE8-87CC-4903-8D8E-F087365245AF}"
EndProject
Global
	GlobalSection(SolutionConfigurationPlatforms) = preSolution
		Debug|Any CPU = Debug|Any CPU
		Release|Any CPU = Release|Any CPU
	EndGlobalSection
	GlobalSection(ProjectConfigurationPlatforms) = postSolution
		{DA688F6F-6C1A-44F0-94FB-FD9B5FBC4CCF}.Debug|Any CPU.ActiveCfg = Debug|Any CPU
		{DA688F6F-6C1A-44F0-94FB-FD9B5FBC4CCF}.Debug|Any CPU.Build.0 = Debug|Any CPU
		{DA688F6F-6C1A-44F0-94FB-FD9B5FBC4CCF}.Release|Any CPU.ActiveCfg = Release|Any CPU
		{DA688F6F-6C1A-44F0-94FB-FD9B5FBC4CCF}.Release|Any CPU.Build.0 = Release|Any CPU
		{5FA45395-2A94-45A0-B017-AA4BBA5DCC70}.Debug|Any CPU.ActiveCfg = Debug|Any CPU
		{5FA45395-2A94-45A0-B017-AA4BBA5DCC70}.Debug|Any CPU.Build.0 = Debug|Any CPU
		{5FA45395-2A94-45A0-B017-AA4BBA5DCC70}.Release|Any CPU.ActiveCfg = Release|Any CPU
		{5FA45395-2A94-45A0-B017-AA4BBA5DCC70}.Release|Any CPU.Build.0 = Release|Any CPU
		{D52C9DE8-87CC-4903-8D8E-F087365245AF}.Debug|Any CPU.ActiveCfg = Debug|Any CPU
		{D52C9DE8-87CC-4903-8D8E-F087365245AF}.Debug|Any CPU.Build.0 = Debug|Any CPU
		{D52C9DE8-87CC-4903-8D8E-F087365245AF}.Release|Any CPU.ActiveCfg = Release|Any CPU
		{D52C9DE8-87CC-4903-8D8E-F087365245AF}.Release|Any CPU.Build.0 = Release|Any CPU
	EndGlobalSection
	GlobalSection(SolutionProperties) = preSolution
		HideSolutionNode = FALSE
	EndGlobalSection
	GlobalSection(ExtensibilityGlobals) = postSolution
		SolutionGuid = {51375628-E29B-49CC-B2A9-70AE932B1777}
	EndGlobalSection
EndGlobal
