
Microsoft Visual Studio Solution File, Format Version 12.00
# Visual Studio Version 17
VisualStudioVersion = 17.9.34607.119
MinimumVisualStudioVersion = 10.0.40219.1
Project("{FAE04EC0-301F-11D3-BF4B-00C04F79EFBC}") = "BlazorAppTestWasm.Server", "BlazorAppTestWasm\Server\BlazorAppTestWasm.Server.csproj", "{1DF4DB82-C264-4266-963B-835F9B4ED0D2}"
EndProject
Project("{FAE04EC0-301F-11D3-BF4B-00C04F79EFBC}") = "BlazorAppTestWasm.Client", "BlazorAppTestWasm\Client\BlazorAppTestWasm.Client.csproj", "{9D4437A8-A467-4690-925F-480196DD4CB5}"
EndProject
Project("{FAE04EC0-301F-11D3-BF4B-00C04F79EFBC}") = "BlazorAppTestWasm.Shared", "BlazorAppTestWasm\Shared\BlazorAppTestWasm.Shared.csproj", "{94C557EA-D221-4FA9-A1DF-E83E145821C5}"
EndProject
Global
	GlobalSection(SolutionConfigurationPlatforms) = preSolution
		Debug|Any CPU = Debug|Any CPU
		Release|Any CPU = Release|Any CPU
	EndGlobalSection
	GlobalSection(ProjectConfigurationPlatforms) = postSolution
		{1DF4DB82-C264-4266-963B-835F9B4ED0D2}.Debug|Any CPU.ActiveCfg = Debug|Any CPU
		{1DF4DB82-C264-4266-963B-835F9B4ED0D2}.Debug|Any CPU.Build.0 = Debug|Any CPU
		{1DF4DB82-C264-4266-963B-835F9B4ED0D2}.Release|Any CPU.ActiveCfg = Release|Any CPU
		{1DF4DB82-C264-4266-963B-835F9B4ED0D2}.Release|Any CPU.Build.0 = Release|Any CPU
		{9D4437A8-A467-4690-925F-480196DD4CB5}.Debug|Any CPU.ActiveCfg = Debug|Any CPU
		{9D4437A8-A467-4690-925F-480196DD4CB5}.Debug|Any CPU.Build.0 = Debug|Any CPU
		{9D4437A8-A467-4690-925F-480196DD4CB5}.Release|Any CPU.ActiveCfg = Release|Any CPU
		{9D4437A8-A467-4690-925F-480196DD4CB5}.Release|Any CPU.Build.0 = Release|Any CPU
		{94C557EA-D221-4FA9-A1DF-E83E145821C5}.Debug|Any CPU.ActiveCfg = Debug|Any CPU
		{94C557EA-D221-4FA9-A1DF-E83E145821C5}.Debug|Any CPU.Build.0 = Debug|Any CPU
		{94C557EA-D221-4FA9-A1DF-E83E145821C5}.Release|Any CPU.ActiveCfg = Release|Any CPU
		{94C557EA-D221-4FA9-A1DF-E83E145821C5}.Release|Any CPU.Build.0 = Release|Any CPU
	EndGlobalSection
	GlobalSection(SolutionProperties) = preSolution
		HideSolutionNode = FALSE
	EndGlobalSection
	GlobalSection(ExtensibilityGlobals) = postSolution
		SolutionGuid = {7B1D87FB-D36F-449F-B9EF-C10AA6DC6364}
	EndGlobalSection
EndGlobal
